<?xml version="1.0" encoding="utf-8"?>
<Project ToolsVersion="4.0" xmlns="http://schemas.microsoft.com/developer/msbuild/2003">
  <ItemGroup>
    <ClInclude Include="GameProcessPCH.h" />
    <ClInclude Include="GameProcess.h">
      <Filter>GameProcess</Filter>
    </ClInclude>
    <ClInclude Include="TimeManager.h">
      <Filter>GameProcess\01.Manager\TimeManager</Filter>
    </ClInclude>
    <ClInclude Include="CollisionManager.h">
      <Filter>GameProcess\01.Manager\CollisionManager</Filter>
    </ClInclude>
    <ClInclude Include="InputManager.h">
      <Filter>GameProcess\01.Manager\InputManager</Filter>
    </ClInclude>
    <ClInclude Include="SceneManager.h">
      <Filter>GameProcess\01.Manager\SceneManager</Filter>
    </ClInclude>
    <ClInclude Include="Scene.h">
      <Filter>GameProcess\03.Scene</Filter>
    </ClInclude>
    <ClInclude Include="Transform.h">
      <Filter>GameProcess\04.Component\Transform</Filter>
    </ClInclude>
    <ClInclude Include="CircleCollider.h">
      <Filter>GameProcess\04.Component\CircleCollider</Filter>
    </ClInclude>
    <ClInclude Include="BoxCollider.h">
      <Filter>GameProcess\04.Component\BoxColider</Filter>
    </ClInclude>
    <ClInclude Include="GameObject.h">
      <Filter>GameProcess\02.GameObject</Filter>
    </ClInclude>
    <ClInclude Include="Define.h">
      <Filter>GameProcess\05.Define</Filter>
    </ClInclude>
    <ClInclude Include="MainScene.h">
      <Filter>GameProcess\03.Scene\MainScene</Filter>
    </ClInclude>
    <ClInclude Include="Collider.h">
      <Filter>GameProcess\04.Component\Collider</Filter>
    </ClInclude>
    <ClInclude Include="Player.h">
      <Filter>GameProcess\06.Prefab\Player</Filter>
    </ClInclude>
  </ItemGroup>
  <ItemGroup>
    <Filter Include="GameProcess">
      <UniqueIdentifier>{2af1f3ec-85ef-42e7-acd0-bf7532839980}</UniqueIdentifier>
    </Filter>
    <Filter Include="GameProcess\01.Manager">
      <UniqueIdentifier>{cce74b3c-9b80-46f1-ac05-915ac072855c}</UniqueIdentifier>
    </Filter>
    <Filter Include="GameProcess\03.Scene">
      <UniqueIdentifier>{7b4f96fe-7a1b-4471-b680-522834fdc430}</UniqueIdentifier>
    </Filter>
    <Filter Include="GameProcess\01.Manager\TimeManager">
      <UniqueIdentifier>{13218e19-062b-456c-809b-39536336000f}</UniqueIdentifier>
    </Filter>
    <Filter Include="GameProcess\04.Component">
      <UniqueIdentifier>{41a77953-21b6-4692-9e59-8c1c78138e77}</UniqueIdentifier>
    </Filter>
    <Filter Include="GameProcess\01.Manager\InputManager">
      <UniqueIdentifier>{971b1822-3ac0-4eb5-9f2c-1965f78e71cc}</UniqueIdentifier>
    </Filter>
    <Filter Include="GameProcess\02.GameObject">
      <UniqueIdentifier>{9a295eb7-f4fc-4ec7-ad8c-ce618e8e254c}</UniqueIdentifier>
    </Filter>
    <Filter Include="GameProcess\01.Manager\SceneManager">
      <UniqueIdentifier>{23ef4742-1acb-4c58-a7ad-70d434bb4e0a}</UniqueIdentifier>
    </Filter>
    <Filter Include="GameProcess\04.Component\Transform">
      <UniqueIdentifier>{122f0a72-211a-4a8e-a929-0f4b2c234b59}</UniqueIdentifier>
    </Filter>
    <Filter Include="GameProcess\04.Component\BoxColider">
      <UniqueIdentifier>{0d48476f-073d-4585-8416-b2a7f0cb012e}</UniqueIdentifier>
    </Filter>
    <Filter Include="GameProcess\04.Component\CircleCollider">
      <UniqueIdentifier>{c0fa8c9a-6566-432a-8f85-96127ac73db5}</UniqueIdentifier>
    </Filter>
    <Filter Include="GameProcess\03.Scene\MainScene">
      <UniqueIdentifier>{e0ab6187-b4a4-4de3-9bd5-1edbe61f9b5b}</UniqueIdentifier>
    </Filter>
    <Filter Include="GameProcess\06.Prefab">
      <UniqueIdentifier>{c357e87c-a98d-4aa7-bd4f-4558a536d13c}</UniqueIdentifier>
    </Filter>
    <Filter Include="GameProcess\01.Manager\CollisionManager">
      <UniqueIdentifier>{163362dd-7a68-4529-87ba-f370a1a9b99f}</UniqueIdentifier>
    </Filter>
    <Filter Include="GameProcess\04.Component\Collider">
      <UniqueIdentifier>{9c95c688-e3c0-4043-a354-208973825208}</UniqueIdentifier>
    </Filter>
    <Filter Include="GameProcess\05.Define">
      <UniqueIdentifier>{50c9ea73-f45c-4eba-88a9-20ebeb8de1fe}</UniqueIdentifier>
    </Filter>
    <Filter Include="GameProcess\06.Prefab\Player">
      <UniqueIdentifier>{db4274a2-e10b-47fb-b7a1-8a30d7acc19e}</UniqueIdentifier>
    </Filter>
  </ItemGroup>
  <ItemGroup>
    <ClCompile Include="TimeManager.cpp">
      <Filter>GameProcess\01.Manager\TimeManager</Filter>
    </ClCompile>
    <ClCompile Include="CollisionManager.cpp">
      <Filter>GameProcess\01.Manager\CollisionManager</Filter>
    </ClCompile>
    <ClCompile Include="InputManager.cpp">
      <Filter>GameProcess\01.Manager\InputManager</Filter>
    </ClCompile>
    <ClCompile Include="SceneManager.cpp">
      <Filter>GameProcess\01.Manager\SceneManager</Filter>
    </ClCompile>
    <ClCompile Include="Scene.cpp">
      <Filter>GameProcess\03.Scene</Filter>
    </ClCompile>
    <ClCompile Include="Transform.cpp">
      <Filter>GameProcess\04.Component\Transform</Filter>
    </ClCompile>
    <ClCompile Include="CircleCollider.cpp">
      <Filter>GameProcess\04.Component\CircleCollider</Filter>
    </ClCompile>
    <ClCompile Include="BoxCollider.cpp">
      <Filter>GameProcess\04.Component\BoxColider</Filter>
    </ClCompile>
    <ClCompile Include="GameObject.cpp">
      <Filter>GameProcess\02.GameObject</Filter>
    </ClCompile>
    <ClCompile Include="MainScene.cpp">
      <Filter>GameProcess\03.Scene\MainScene</Filter>
    </ClCompile>
    <ClCompile Include="GameProcess.cpp">
      <Filter>GameProcess</Filter>
    </ClCompile>
    <ClCompile Include="Collider.cpp">
      <Filter>GameProcess\04.Component\Collider</Filter>
    </ClCompile>
    <ClCompile Include="Player.cpp">
      <Filter>GameProcess\06.Prefab\Player</Filter>
    </ClCompile>
  </ItemGroup>
</Project>