<?xml version="1.0" encoding="utf-8"?>
<Project ToolsVersion="4.0" xmlns="http://schemas.microsoft.com/developer/msbuild/2003">
  <ItemGroup>
    <ClInclude Include="TimeManager.h">
      <Filter>GameProcess\04.Manager\TimeManager</Filter>
    </ClInclude>
    <ClInclude Include="CollisionManager.h">
      <Filter>GameProcess\04.Manager\CollisionManager</Filter>
    </ClInclude>
    <ClInclude Include="InputManager.h">
      <Filter>GameProcess\04.Manager\InputManager</Filter>
    </ClInclude>
    <ClInclude Include="SceneManager.h">
      <Filter>GameProcess\04.Manager\SceneManager</Filter>
    </ClInclude>
    <ClInclude Include="Scene.h">
      <Filter>GameProcess\05.Scene</Filter>
    </ClInclude>
    <ClInclude Include="Transform.h">
      <Filter>GameProcess\03.Component\Transform</Filter>
    </ClInclude>
    <ClInclude Include="CircleCollider.h">
      <Filter>GameProcess\03.Component\Collider\CircleCollider</Filter>
    </ClInclude>
    <ClInclude Include="BoxCollider.h">
      <Filter>GameProcess\03.Component\Collider\BoxColider</Filter>
    </ClInclude>
    <ClInclude Include="GameObject.h">
      <Filter>GameProcess\02.GameObject</Filter>
    </ClInclude>
    <ClInclude Include="MainScene.h">
      <Filter>Starcraft\Scene</Filter>
    </ClInclude>
    <ClInclude Include="Collider.h">
      <Filter>GameProcess\03.Component\Collider</Filter>
    </ClInclude>
    <ClInclude Include="RigidBody.h">
      <Filter>GameProcess\03.Component\RigidBody</Filter>
    </ClInclude>
    <ClInclude Include="PathManager.h">
      <Filter>GameProcess\04.Manager\PathManager</Filter>
    </ClInclude>
    <ClInclude Include="Component.h">
      <Filter>GameProcess\03.Component</Filter>
    </ClInclude>
    <ClInclude Include="GameWorld.h">
      <Filter>GameProcess\Define\GameWorld</Filter>
    </ClInclude>
    <ClInclude Include="MonoBehaviour.h">
      <Filter>GameProcess\03.Component\MonoBehaviour</Filter>
    </ClInclude>
    <ClInclude Include="UIManager.h">
      <Filter>GameProcess\04.Manager\UIManager</Filter>
    </ClInclude>
    <ClInclude Include="BoxRenderer.h">
      <Filter>GameProcess\03.Component\Renderer\BoxRender</Filter>
    </ClInclude>
    <ClInclude Include="FileManager.h">
      <Filter>GameProcess\04.Manager\FileManager</Filter>
    </ClInclude>
    <ClInclude Include="NamingManager.h">
      <Filter>GameProcess\04.Manager\NamingManager</Filter>
    </ClInclude>
    <ClInclude Include="TextureRenderer.h">
      <Filter>GameProcess\03.Component\Renderer\TextureRenderer</Filter>
    </ClInclude>
    <ClInclude Include="Animator.h">
      <Filter>GameProcess\03.Component\Animator</Filter>
    </ClInclude>
    <ClInclude Include="Animation.h">
      <Filter>GameProcess\03.Component\Animator\Animation</Filter>
    </ClInclude>
    <ClInclude Include="ManagerSet.h">
      <Filter>GameProcess\04.Manager</Filter>
    </ClInclude>
    <ClInclude Include="CameraManager.h">
      <Filter>GameProcess\04.Manager\CameraManager</Filter>
    </ClInclude>
    <ClInclude Include="Controller.h">
      <Filter>Starcraft\Scripts\Controller</Filter>
    </ClInclude>
    <ClInclude Include="Unit.h">
      <Filter>Starcraft\Scripts\Unit</Filter>
    </ClInclude>
    <ClInclude Include="UnitMovement.h">
      <Filter>Starcraft\Scripts\Unit\UnitMovement</Filter>
    </ClInclude>
    <ClInclude Include="GameProcess.h">
      <Filter>GameProcess</Filter>
    </ClInclude>
    <ClInclude Include="FlyMovement.h">
      <Filter>Starcraft\Scripts\Unit\UnitMovement\FlyMovement</Filter>
    </ClInclude>
    <ClInclude Include="ReadMe.h" />
    <ClInclude Include="Broadphase.h">
      <Filter>Broadphase</Filter>
    </ClInclude>
    <ClInclude Include="AABB.h">
      <Filter>Broadphase\AABB</Filter>
    </ClInclude>
    <ClInclude Include="AABBTree.h">
      <Filter>Broadphase\AABBTree</Filter>
    </ClInclude>
    <ClInclude Include="Define.h">
      <Filter>GameProcess\Define</Filter>
    </ClInclude>
    <ClInclude Include="UnitDefine.h">
      <Filter>Starcraft</Filter>
    </ClInclude>
    <ClInclude Include="UnitSensor.h">
      <Filter>Starcraft\Scripts\Unit\UnitSensor</Filter>
    </ClInclude>
    <ClInclude Include="UnitAttack.h">
      <Filter>Starcraft\Scripts\Unit\UnitAttack</Filter>
    </ClInclude>
    <ClInclude Include="ShootBullet.h">
      <Filter>Starcraft\Scripts\ShootBullet</Filter>
    </ClInclude>
    <ClInclude Include="IFactory.h">
      <Filter>GameProcess\06.Factory</Filter>
    </ClInclude>
    <ClInclude Include="Factory.h">
      <Filter>Starcraft\Factory</Filter>
    </ClInclude>
    <ClInclude Include="MouseEvent.h">
      <Filter>GameProcess\03.Component\UI\MouseEvent</Filter>
    </ClInclude>
    <ClInclude Include="BarUI.h">
      <Filter>GameProcess\03.Component\UI\BarUI</Filter>
    </ClInclude>
    <ClInclude Include="GameProcessPCH.h" />
    <ClInclude Include="GameObjectSort.h">
      <Filter>GameProcess\Define\GameObjectSort</Filter>
    </ClInclude>
  </ItemGroup>
  <ItemGroup>
    <Filter Include="Broadphase">
      <UniqueIdentifier>{b867e988-545a-4edf-b93a-fbe1467b570f}</UniqueIdentifier>
    </Filter>
    <Filter Include="Broadphase\AABBTree">
      <UniqueIdentifier>{c3d8ba6a-b843-49fd-8d80-4f27c4df56ca}</UniqueIdentifier>
    </Filter>
    <Filter Include="Broadphase\AABB">
      <UniqueIdentifier>{43d5e70b-0e06-489a-b709-331c24dad265}</UniqueIdentifier>
    </Filter>
    <Filter Include="GameProcess">
      <UniqueIdentifier>{6c9be842-729d-438b-b73d-9c1237256ebd}</UniqueIdentifier>
    </Filter>
    <Filter Include="GameProcess\02.GameObject">
      <UniqueIdentifier>{9a295eb7-f4fc-4ec7-ad8c-ce618e8e254c}</UniqueIdentifier>
    </Filter>
    <Filter Include="GameProcess\03.Component">
      <UniqueIdentifier>{41a77953-21b6-4692-9e59-8c1c78138e77}</UniqueIdentifier>
    </Filter>
    <Filter Include="GameProcess\03.Component\Transform">
      <UniqueIdentifier>{122f0a72-211a-4a8e-a929-0f4b2c234b59}</UniqueIdentifier>
    </Filter>
    <Filter Include="GameProcess\03.Component\Animator">
      <UniqueIdentifier>{07f911db-c510-4562-8792-b11a9806651c}</UniqueIdentifier>
    </Filter>
    <Filter Include="GameProcess\03.Component\Animator\Animation">
      <UniqueIdentifier>{83077952-d581-4522-b7e3-168017f72d55}</UniqueIdentifier>
    </Filter>
    <Filter Include="GameProcess\03.Component\Renderer">
      <UniqueIdentifier>{06a8e95b-9714-4ccd-b1c9-082f4d23e540}</UniqueIdentifier>
    </Filter>
    <Filter Include="GameProcess\03.Component\Renderer\BoxRender">
      <UniqueIdentifier>{83c46ca2-a10c-4b88-b044-cde43e044e23}</UniqueIdentifier>
    </Filter>
    <Filter Include="GameProcess\03.Component\Renderer\TextureRenderer">
      <UniqueIdentifier>{5fecc3ea-62d9-4788-ba15-c84bfc82df13}</UniqueIdentifier>
    </Filter>
    <Filter Include="GameProcess\03.Component\UI">
      <UniqueIdentifier>{b01f574b-c7e4-4253-abf1-9b4e68d7e29a}</UniqueIdentifier>
    </Filter>
    <Filter Include="GameProcess\03.Component\Collider">
      <UniqueIdentifier>{9c95c688-e3c0-4043-a354-208973825208}</UniqueIdentifier>
    </Filter>
    <Filter Include="GameProcess\03.Component\Collider\CircleCollider">
      <UniqueIdentifier>{c0fa8c9a-6566-432a-8f85-96127ac73db5}</UniqueIdentifier>
    </Filter>
    <Filter Include="GameProcess\03.Component\Collider\BoxColider">
      <UniqueIdentifier>{0d48476f-073d-4585-8416-b2a7f0cb012e}</UniqueIdentifier>
    </Filter>
    <Filter Include="GameProcess\03.Component\RigidBody">
      <UniqueIdentifier>{aae82191-adf2-4fda-a20a-d09b07ece5ae}</UniqueIdentifier>
    </Filter>
    <Filter Include="GameProcess\04.Manager">
      <UniqueIdentifier>{cce74b3c-9b80-46f1-ac05-915ac072855c}</UniqueIdentifier>
    </Filter>
    <Filter Include="GameProcess\04.Manager\TimeManager">
      <UniqueIdentifier>{13218e19-062b-456c-809b-39536336000f}</UniqueIdentifier>
    </Filter>
    <Filter Include="GameProcess\04.Manager\InputManager">
      <UniqueIdentifier>{971b1822-3ac0-4eb5-9f2c-1965f78e71cc}</UniqueIdentifier>
    </Filter>
    <Filter Include="GameProcess\04.Manager\SceneManager">
      <UniqueIdentifier>{23ef4742-1acb-4c58-a7ad-70d434bb4e0a}</UniqueIdentifier>
    </Filter>
    <Filter Include="GameProcess\04.Manager\CollisionManager">
      <UniqueIdentifier>{163362dd-7a68-4529-87ba-f370a1a9b99f}</UniqueIdentifier>
    </Filter>
    <Filter Include="GameProcess\04.Manager\UIManager">
      <UniqueIdentifier>{51c7efd8-d59f-483d-b087-423dd369d8f3}</UniqueIdentifier>
    </Filter>
    <Filter Include="GameProcess\04.Manager\FileManager">
      <UniqueIdentifier>{ac5b2feb-0562-4e36-b57a-12255b91cc49}</UniqueIdentifier>
    </Filter>
    <Filter Include="GameProcess\04.Manager\NamingManager">
      <UniqueIdentifier>{b17557d3-8854-4522-bcab-ee40b865ac3a}</UniqueIdentifier>
    </Filter>
    <Filter Include="GameProcess\04.Manager\PathManager">
      <UniqueIdentifier>{0e845db7-a4d9-4863-a5e6-8377ab6b19e9}</UniqueIdentifier>
    </Filter>
    <Filter Include="GameProcess\04.Manager\CameraManager">
      <UniqueIdentifier>{20bce861-c09f-4cd6-99f7-a241c34c17e9}</UniqueIdentifier>
    </Filter>
    <Filter Include="GameProcess\05.Scene">
      <UniqueIdentifier>{7b4f96fe-7a1b-4471-b680-522834fdc430}</UniqueIdentifier>
    </Filter>
    <Filter Include="GameProcess\Define">
      <UniqueIdentifier>{50c9ea73-f45c-4eba-88a9-20ebeb8de1fe}</UniqueIdentifier>
    </Filter>
    <Filter Include="GameProcess\Define\GameWorld">
      <UniqueIdentifier>{097c4383-6b24-464e-8b33-b8b3732cab90}</UniqueIdentifier>
    </Filter>
    <Filter Include="GameProcess\03.Component\MonoBehaviour">
      <UniqueIdentifier>{9be08951-87a8-4b20-bf6c-dba8bac66dc7}</UniqueIdentifier>
    </Filter>
    <Filter Include="GameProcess\06.Factory">
      <UniqueIdentifier>{f6721a3f-2b3c-471a-8428-266f8415a04d}</UniqueIdentifier>
    </Filter>
    <Filter Include="Starcraft">
      <UniqueIdentifier>{48423338-0c84-40ef-bd2b-bd26b559f3c4}</UniqueIdentifier>
    </Filter>
    <Filter Include="Starcraft\Scripts">
      <UniqueIdentifier>{93f8382e-7587-48ce-99ec-32645cb34e81}</UniqueIdentifier>
    </Filter>
    <Filter Include="Starcraft\Scripts\Controller">
      <UniqueIdentifier>{bf57707f-9640-4f53-9c72-7b8095ad7f91}</UniqueIdentifier>
    </Filter>
    <Filter Include="Starcraft\Scripts\ShootBullet">
      <UniqueIdentifier>{b28b94e6-fcc1-402b-b111-efb97037faf0}</UniqueIdentifier>
    </Filter>
    <Filter Include="Starcraft\Scripts\Unit">
      <UniqueIdentifier>{b8aac14f-d0f5-4722-94d0-d93e6a630208}</UniqueIdentifier>
    </Filter>
    <Filter Include="Starcraft\Scripts\Unit\UnitMovement">
      <UniqueIdentifier>{7a48098b-aa61-4ccd-a7e6-7ea75b2c1b31}</UniqueIdentifier>
    </Filter>
    <Filter Include="Starcraft\Scripts\Unit\UnitMovement\FlyMovement">
      <UniqueIdentifier>{2a5aeda3-cff4-4bce-9bee-a16da9bfeb87}</UniqueIdentifier>
    </Filter>
    <Filter Include="Starcraft\Scripts\Unit\UnitAttack">
      <UniqueIdentifier>{ba14f2a4-15e7-4407-b293-d740484208c4}</UniqueIdentifier>
    </Filter>
    <Filter Include="Starcraft\Scripts\Unit\UnitSensor">
      <UniqueIdentifier>{600fa25c-b2f6-4df2-a273-a9f70168a780}</UniqueIdentifier>
    </Filter>
    <Filter Include="Starcraft\Factory">
      <UniqueIdentifier>{9642accf-2859-46e7-9c0c-a15b4406e146}</UniqueIdentifier>
    </Filter>
    <Filter Include="Starcraft\Scene">
      <UniqueIdentifier>{e0ab6187-b4a4-4de3-9bd5-1edbe61f9b5b}</UniqueIdentifier>
    </Filter>
    <Filter Include="GameProcess\03.Component\UI\MouseEvent">
      <UniqueIdentifier>{01fb424a-e940-4078-a113-ac37ff5fab3c}</UniqueIdentifier>
    </Filter>
    <Filter Include="GameProcess\03.Component\UI\BarUI">
      <UniqueIdentifier>{709152f7-3840-4a83-a693-9f027852b209}</UniqueIdentifier>
    </Filter>
    <Filter Include="GameProcess\Define\GameObjectSort">
      <UniqueIdentifier>{126dc004-9bef-4d21-883e-913b5fd22d66}</UniqueIdentifier>
    </Filter>
  </ItemGroup>
  <ItemGroup>
    <ClCompile Include="TimeManager.cpp">
      <Filter>GameProcess\04.Manager\TimeManager</Filter>
    </ClCompile>
    <ClCompile Include="CollisionManager.cpp">
      <Filter>GameProcess\04.Manager\CollisionManager</Filter>
    </ClCompile>
    <ClCompile Include="InputManager.cpp">
      <Filter>GameProcess\04.Manager\InputManager</Filter>
    </ClCompile>
    <ClCompile Include="SceneManager.cpp">
      <Filter>GameProcess\04.Manager\SceneManager</Filter>
    </ClCompile>
    <ClCompile Include="Scene.cpp">
      <Filter>GameProcess\05.Scene</Filter>
    </ClCompile>
    <ClCompile Include="Transform.cpp">
      <Filter>GameProcess\03.Component\Transform</Filter>
    </ClCompile>
    <ClCompile Include="CircleCollider.cpp">
      <Filter>GameProcess\03.Component\Collider\CircleCollider</Filter>
    </ClCompile>
    <ClCompile Include="BoxCollider.cpp">
      <Filter>GameProcess\03.Component\Collider\BoxColider</Filter>
    </ClCompile>
    <ClCompile Include="GameObject.cpp">
      <Filter>GameProcess\02.GameObject</Filter>
    </ClCompile>
    <ClCompile Include="MainScene.cpp">
      <Filter>Starcraft\Scene</Filter>
    </ClCompile>
    <ClCompile Include="Collider.cpp">
      <Filter>GameProcess\03.Component\Collider</Filter>
    </ClCompile>
    <ClCompile Include="RigidBody.cpp">
      <Filter>GameProcess\03.Component\RigidBody</Filter>
    </ClCompile>
    <ClCompile Include="PathManager.cpp">
      <Filter>GameProcess\04.Manager\PathManager</Filter>
    </ClCompile>
    <ClCompile Include="Component.cpp">
      <Filter>GameProcess\03.Component</Filter>
    </ClCompile>
    <ClCompile Include="GameWorld.cpp">
      <Filter>GameProcess\Define\GameWorld</Filter>
    </ClCompile>
    <ClCompile Include="MonoBehaviour.cpp">
      <Filter>GameProcess\03.Component\MonoBehaviour</Filter>
    </ClCompile>
    <ClCompile Include="UIManager.cpp">
      <Filter>GameProcess\04.Manager\UIManager</Filter>
    </ClCompile>
    <ClCompile Include="BoxRenderer.cpp">
      <Filter>GameProcess\03.Component\Renderer\BoxRender</Filter>
    </ClCompile>
    <ClCompile Include="FileManager.cpp">
      <Filter>GameProcess\04.Manager\FileManager</Filter>
    </ClCompile>
    <ClCompile Include="NamingManager.cpp">
      <Filter>GameProcess\04.Manager\NamingManager</Filter>
    </ClCompile>
    <ClCompile Include="TextureRenderer.cpp">
      <Filter>GameProcess\03.Component\Renderer\TextureRenderer</Filter>
    </ClCompile>
    <ClCompile Include="Animator.cpp">
      <Filter>GameProcess\03.Component\Animator</Filter>
    </ClCompile>
    <ClCompile Include="Animation.cpp">
      <Filter>GameProcess\03.Component\Animator\Animation</Filter>
    </ClCompile>
    <ClCompile Include="ManagerSet.cpp">
      <Filter>GameProcess\04.Manager</Filter>
    </ClCompile>
    <ClCompile Include="CameraManager.cpp">
      <Filter>GameProcess\04.Manager\CameraManager</Filter>
    </ClCompile>
    <ClCompile Include="Controller.cpp">
      <Filter>Starcraft\Scripts\Controller</Filter>
    </ClCompile>
    <ClCompile Include="Unit.cpp">
      <Filter>Starcraft\Scripts\Unit</Filter>
    </ClCompile>
    <ClCompile Include="UnitMovement.cpp">
      <Filter>Starcraft\Scripts\Unit\UnitMovement</Filter>
    </ClCompile>
    <ClCompile Include="GameProcess.cpp">
      <Filter>GameProcess</Filter>
    </ClCompile>
    <ClCompile Include="FlyMovement.cpp">
      <Filter>Starcraft\Scripts\Unit\UnitMovement\FlyMovement</Filter>
    </ClCompile>
    <ClCompile Include="Broadphase.cpp">
      <Filter>Broadphase</Filter>
    </ClCompile>
    <ClCompile Include="AABBTree.cpp">
      <Filter>Broadphase\AABBTree</Filter>
    </ClCompile>
    <ClCompile Include="AABB.cpp">
      <Filter>Broadphase\AABB</Filter>
    </ClCompile>
    <ClCompile Include="Define.cpp">
      <Filter>GameProcess\Define</Filter>
    </ClCompile>
    <ClCompile Include="UnitSensor.cpp">
      <Filter>Starcraft\Scripts\Unit\UnitSensor</Filter>
    </ClCompile>
    <ClCompile Include="UnitAttack.cpp">
      <Filter>Starcraft\Scripts\Unit\UnitAttack</Filter>
    </ClCompile>
    <ClCompile Include="ShootBullet.cpp">
      <Filter>Starcraft\Scripts\ShootBullet</Filter>
    </ClCompile>
    <ClCompile Include="IFactory.cpp">
      <Filter>GameProcess\06.Factory</Filter>
    </ClCompile>
    <ClCompile Include="Factory.cpp">
      <Filter>Starcraft\Factory</Filter>
    </ClCompile>
    <ClCompile Include="MouseEvent.cpp">
      <Filter>GameProcess\03.Component\UI\MouseEvent</Filter>
    </ClCompile>
    <ClCompile Include="BarUI.cpp">
      <Filter>GameProcess\03.Component\UI\BarUI</Filter>
    </ClCompile>
    <ClCompile Include="GameObjectSort.cpp">
      <Filter>GameProcess\Define\GameObjectSort</Filter>
    </ClCompile>
  </ItemGroup>
</Project>