<?xml version="1.0" encoding="utf-8"?>
<Project ToolsVersion="4.0" xmlns="http://schemas.microsoft.com/developer/msbuild/2003">
  <ItemGroup>
    <ClInclude Include="GameProcessPCH.h" />
    <ClInclude Include="GameProcess.h">
      <Filter>GameProcess</Filter>
    </ClInclude>
    <ClInclude Include="TimeManager.h">
      <Filter>GameProcess\Manager\TimeManager</Filter>
    </ClInclude>
    <ClInclude Include="CollisionManager.h">
      <Filter>GameProcess\Manager\CollisionManager</Filter>
    </ClInclude>
    <ClInclude Include="InputManager.h">
      <Filter>GameProcess\Manager\InputManager</Filter>
    </ClInclude>
    <ClInclude Include="SceneManager.h">
      <Filter>GameProcess\Manager\SceneManager</Filter>
    </ClInclude>
    <ClInclude Include="Scene.h">
      <Filter>GameProcess\Scene</Filter>
    </ClInclude>
    <ClInclude Include="Transform.h">
      <Filter>GameProcess\Component\Transform</Filter>
    </ClInclude>
    <ClInclude Include="CircleCollider.h">
      <Filter>GameProcess\Component\Collider\CircleCollider</Filter>
    </ClInclude>
    <ClInclude Include="BoxCollider.h">
      <Filter>GameProcess\Component\Collider\BoxColider</Filter>
    </ClInclude>
    <ClInclude Include="GameObject.h">
      <Filter>GameProcess\GameObject</Filter>
    </ClInclude>
    <ClInclude Include="Define.h">
      <Filter>GameProcess\Define</Filter>
    </ClInclude>
    <ClInclude Include="MainScene.h">
      <Filter>GameProcess\Scene\MainScene</Filter>
    </ClInclude>
    <ClInclude Include="Collider.h">
      <Filter>GameProcess\Component\Collider</Filter>
    </ClInclude>
    <ClInclude Include="Player.h">
      <Filter>GameProcess\Prefab\Player</Filter>
    </ClInclude>
    <ClInclude Include="NameGenerator.h">
      <Filter>GameProcess\Debug</Filter>
    </ClInclude>
    <ClInclude Include="RigidBody.h">
      <Filter>GameProcess\Component\RigidBody</Filter>
    </ClInclude>
    <ClInclude Include="GameWorld.h">
      <Filter>GameProcess\Define</Filter>
    </ClInclude>
    <ClInclude Include="PathManager.h">
      <Filter>GameProcess\Manager\PathManager</Filter>
    </ClInclude>
  </ItemGroup>
  <ItemGroup>
    <Filter Include="GameProcess">
      <UniqueIdentifier>{2af1f3ec-85ef-42e7-acd0-bf7532839980}</UniqueIdentifier>
    </Filter>
    <Filter Include="GameProcess\Manager">
      <UniqueIdentifier>{cce74b3c-9b80-46f1-ac05-915ac072855c}</UniqueIdentifier>
    </Filter>
    <Filter Include="GameProcess\Manager\TimeManager">
      <UniqueIdentifier>{13218e19-062b-456c-809b-39536336000f}</UniqueIdentifier>
    </Filter>
    <Filter Include="GameProcess\Manager\InputManager">
      <UniqueIdentifier>{971b1822-3ac0-4eb5-9f2c-1965f78e71cc}</UniqueIdentifier>
    </Filter>
    <Filter Include="GameProcess\Manager\SceneManager">
      <UniqueIdentifier>{23ef4742-1acb-4c58-a7ad-70d434bb4e0a}</UniqueIdentifier>
    </Filter>
    <Filter Include="GameProcess\Manager\CollisionManager">
      <UniqueIdentifier>{163362dd-7a68-4529-87ba-f370a1a9b99f}</UniqueIdentifier>
    </Filter>
    <Filter Include="GameProcess\Scene">
      <UniqueIdentifier>{7b4f96fe-7a1b-4471-b680-522834fdc430}</UniqueIdentifier>
    </Filter>
    <Filter Include="GameProcess\Scene\MainScene">
      <UniqueIdentifier>{e0ab6187-b4a4-4de3-9bd5-1edbe61f9b5b}</UniqueIdentifier>
    </Filter>
    <Filter Include="GameProcess\Component">
      <UniqueIdentifier>{41a77953-21b6-4692-9e59-8c1c78138e77}</UniqueIdentifier>
    </Filter>
    <Filter Include="GameProcess\Component\Transform">
      <UniqueIdentifier>{122f0a72-211a-4a8e-a929-0f4b2c234b59}</UniqueIdentifier>
    </Filter>
    <Filter Include="GameProcess\Component\Collider">
      <UniqueIdentifier>{9c95c688-e3c0-4043-a354-208973825208}</UniqueIdentifier>
    </Filter>
    <Filter Include="GameProcess\Define">
      <UniqueIdentifier>{50c9ea73-f45c-4eba-88a9-20ebeb8de1fe}</UniqueIdentifier>
    </Filter>
    <Filter Include="GameProcess\Prefab">
      <UniqueIdentifier>{c357e87c-a98d-4aa7-bd4f-4558a536d13c}</UniqueIdentifier>
    </Filter>
    <Filter Include="GameProcess\Prefab\Player">
      <UniqueIdentifier>{db4274a2-e10b-47fb-b7a1-8a30d7acc19e}</UniqueIdentifier>
    </Filter>
    <Filter Include="GameProcess\Debug">
      <UniqueIdentifier>{bacb7fa6-4ad0-4137-93a5-3891a1346715}</UniqueIdentifier>
    </Filter>
    <Filter Include="GameProcess\Component\Collider\CircleCollider">
      <UniqueIdentifier>{c0fa8c9a-6566-432a-8f85-96127ac73db5}</UniqueIdentifier>
    </Filter>
    <Filter Include="GameProcess\Component\Collider\BoxColider">
      <UniqueIdentifier>{0d48476f-073d-4585-8416-b2a7f0cb012e}</UniqueIdentifier>
    </Filter>
    <Filter Include="GameProcess\Component\RigidBody">
      <UniqueIdentifier>{aae82191-adf2-4fda-a20a-d09b07ece5ae}</UniqueIdentifier>
    </Filter>
    <Filter Include="GameProcess\GameObject">
      <UniqueIdentifier>{9a295eb7-f4fc-4ec7-ad8c-ce618e8e254c}</UniqueIdentifier>
    </Filter>
    <Filter Include="GameProcess\Manager\PathManager">
      <UniqueIdentifier>{0e845db7-a4d9-4863-a5e6-8377ab6b19e9}</UniqueIdentifier>
    </Filter>
  </ItemGroup>
  <ItemGroup>
    <ClCompile Include="TimeManager.cpp">
      <Filter>GameProcess\Manager\TimeManager</Filter>
    </ClCompile>
    <ClCompile Include="CollisionManager.cpp">
      <Filter>GameProcess\Manager\CollisionManager</Filter>
    </ClCompile>
    <ClCompile Include="InputManager.cpp">
      <Filter>GameProcess\Manager\InputManager</Filter>
    </ClCompile>
    <ClCompile Include="SceneManager.cpp">
      <Filter>GameProcess\Manager\SceneManager</Filter>
    </ClCompile>
    <ClCompile Include="Scene.cpp">
      <Filter>GameProcess\Scene</Filter>
    </ClCompile>
    <ClCompile Include="Transform.cpp">
      <Filter>GameProcess\Component\Transform</Filter>
    </ClCompile>
    <ClCompile Include="CircleCollider.cpp">
      <Filter>GameProcess\Component\Collider\CircleCollider</Filter>
    </ClCompile>
    <ClCompile Include="BoxCollider.cpp">
      <Filter>GameProcess\Component\Collider\BoxColider</Filter>
    </ClCompile>
    <ClCompile Include="GameObject.cpp">
      <Filter>GameProcess\GameObject</Filter>
    </ClCompile>
    <ClCompile Include="MainScene.cpp">
      <Filter>GameProcess\Scene\MainScene</Filter>
    </ClCompile>
    <ClCompile Include="GameProcess.cpp">
      <Filter>GameProcess</Filter>
    </ClCompile>
    <ClCompile Include="Collider.cpp">
      <Filter>GameProcess\Component\Collider</Filter>
    </ClCompile>
    <ClCompile Include="Player.cpp">
      <Filter>GameProcess\Prefab\Player</Filter>
    </ClCompile>
    <ClCompile Include="NameGenerator.cpp">
      <Filter>GameProcess\Debug</Filter>
    </ClCompile>
    <ClCompile Include="RigidBody.cpp">
      <Filter>GameProcess\Component\RigidBody</Filter>
    </ClCompile>
    <ClCompile Include="GameWorld.cpp">
      <Filter>GameProcess\Define</Filter>
    </ClCompile>
    <ClCompile Include="PathManager.cpp">
      <Filter>GameProcess\Manager\PathManager</Filter>
    </ClCompile>
  </ItemGroup>
</Project>